
Microsoft Visual Studio Solution File, Format Version 12.00
# Visual Studio Version 17
VisualStudioVersion = 17.4.33213.308
MinimumVisualStudioVersion = 10.0.40219.1
Project("{FAE04EC0-301F-11D3-BF4B-00C04F79EFBC}") = "CreatingRichTextEditorSample", "CreatingRichTextEditorSample.csproj", "{BD0792E7-F07A-4982-88F0-4F889F029813}"
EndProject
Global
	GlobalSection(SolutionConfigurationPlatforms) = preSolution
		Debug|Any CPU = Debug|Any CPU
		Release|Any CPU = Release|Any CPU
	EndGlobalSection
	GlobalSection(ProjectConfigurationPlatforms) = postSolution
		{BD0792E7-F07A-4982-88F0-4F889F029813}.Debug|Any CPU.ActiveCfg = Debug|Any CPU
		{BD0792E7-F07A-4982-88F0-4F889F029813}.Debug|Any CPU.Build.0 = Debug|Any CPU
		{BD0792E7-F07A-4982-88F0-4F889F029813}.Release|Any CPU.ActiveCfg = Release|Any CPU
		{BD0792E7-F07A-4982-88F0-4F889F029813}.Release|Any CPU.Build.0 = Release|Any CPU
	EndGlobalSection
	GlobalSection(SolutionProperties) = preSolution
		HideSolutionNode = FALSE
	EndGlobalSection
	GlobalSection(ExtensibilityGlobals) = postSolution
		SolutionGuid = {66112A6C-851C-40FD-B082-49A48FF7CD4D}
	EndGlobalSection
EndGlobal
